
Microsoft Visual Studio Solution File, Format Version 12.00
# Visual Studio 15
VisualStudioVersion = 15.0.28307.136
MinimumVisualStudioVersion = 10.0.40219.1
Project("{FAE04EC0-301F-11D3-BF4B-00C04F79EFBC}") = "ConsoleApp1", "ConsoleApp1\ConsoleApp1.csproj", "{B4D90742-43D6-4125-A1CF-3798F345A2B5}"
EndProject
Project("{FAE04EC0-301F-11D3-BF4B-00C04F79EFBC}") = "ConsoleApp2", "ConsoleApp2\ConsoleApp2.csproj", "{0CB7CA20-EDF1-43C7-AE04-957FB4ED6514}"
EndProject
Project("{FAE04EC0-301F-11D3-BF4B-00C04F79EFBC}") = "ConsoleApp3", "ConsoleApp3\ConsoleApp3.csproj", "{1E7F273B-2543-4E7D-AD9F-1C3F33F1F08E}"
EndProject
Project("{FAE04EC0-301F-11D3-BF4B-00C04F79EFBC}") = "ConsoleApp4", "ConsoleApp4\ConsoleApp4.csproj", "{3D34951F-119E-4149-A38A-E948F1199D86}"
EndProject
Project("{FAE04EC0-301F-11D3-BF4B-00C04F79EFBC}") = "ConsoleApp5", "ConsoleApp5\ConsoleApp5.csproj", "{3B41BEB1-F966-4758-9715-6BE5B62F4114}"
EndProject
Global
	GlobalSection(SolutionConfigurationPlatforms) = preSolution
		Debug|Any CPU = Debug|Any CPU
		Release|Any CPU = Release|Any CPU
	EndGlobalSection
	GlobalSection(ProjectConfigurationPlatforms) = postSolution
		{B4D90742-43D6-4125-A1CF-3798F345A2B5}.Debug|Any CPU.ActiveCfg = Debug|Any CPU
		{B4D90742-43D6-4125-A1CF-3798F345A2B5}.Debug|Any CPU.Build.0 = Debug|Any CPU
		{B4D90742-43D6-4125-A1CF-3798F345A2B5}.Release|Any CPU.ActiveCfg = Release|Any CPU
		{B4D90742-43D6-4125-A1CF-3798F345A2B5}.Release|Any CPU.Build.0 = Release|Any CPU
		{0CB7CA20-EDF1-43C7-AE04-957FB4ED6514}.Debug|Any CPU.ActiveCfg = Debug|Any CPU
		{0CB7CA20-EDF1-43C7-AE04-957FB4ED6514}.Debug|Any CPU.Build.0 = Debug|Any CPU
		{0CB7CA20-EDF1-43C7-AE04-957FB4ED6514}.Release|Any CPU.ActiveCfg = Release|Any CPU
		{0CB7CA20-EDF1-43C7-AE04-957FB4ED6514}.Release|Any CPU.Build.0 = Release|Any CPU
		{1E7F273B-2543-4E7D-AD9F-1C3F33F1F08E}.Debug|Any CPU.ActiveCfg = Debug|Any CPU
		{1E7F273B-2543-4E7D-AD9F-1C3F33F1F08E}.Debug|Any CPU.Build.0 = Debug|Any CPU
		{1E7F273B-2543-4E7D-AD9F-1C3F33F1F08E}.Release|Any CPU.ActiveCfg = Release|Any CPU
		{1E7F273B-2543-4E7D-AD9F-1C3F33F1F08E}.Release|Any CPU.Build.0 = Release|Any CPU
		{3D34951F-119E-4149-A38A-E948F1199D86}.Debug|Any CPU.ActiveCfg = Debug|Any CPU
		{3D34951F-119E-4149-A38A-E948F1199D86}.Debug|Any CPU.Build.0 = Debug|Any CPU
		{3D34951F-119E-4149-A38A-E948F1199D86}.Release|Any CPU.ActiveCfg = Release|Any CPU
		{3D34951F-119E-4149-A38A-E948F1199D86}.Release|Any CPU.Build.0 = Release|Any CPU
		{3B41BEB1-F966-4758-9715-6BE5B62F4114}.Debug|Any CPU.ActiveCfg = Debug|Any CPU
		{3B41BEB1-F966-4758-9715-6BE5B62F4114}.Debug|Any CPU.Build.0 = Debug|Any CPU
		{3B41BEB1-F966-4758-9715-6BE5B62F4114}.Release|Any CPU.ActiveCfg = Release|Any CPU
		{3B41BEB1-F966-4758-9715-6BE5B62F4114}.Release|Any CPU.Build.0 = Release|Any CPU
	EndGlobalSection
	GlobalSection(SolutionProperties) = preSolution
		HideSolutionNode = FALSE
	EndGlobalSection
	GlobalSection(ExtensibilityGlobals) = postSolution
		SolutionGuid = {45F503EC-8AB1-4B0C-A84A-13CAA99E3169}
	EndGlobalSection
EndGlobal
